
Microsoft Visual Studio Solution File, Format Version 12.00
# Visual Studio Version 16
VisualStudioVersion = 16.0.31105.61
MinimumVisualStudioVersion = 10.0.40219.1
Project("{FAE04EC0-301F-11D3-BF4B-00C04F79EFBC}") = "Buzz", "Buzz\Buzz.csproj", "{3BA2CAFC-D27C-4716-8A5A-820C988F4DA6}"
EndProject
Project("{FAE04EC0-301F-11D3-BF4B-00C04F79EFBC}") = "Bees", "Bees\Bees.csproj", "{EE64BDFC-82E9-454B-9D25-B87C358934E4}"
EndProject
Global
	GlobalSection(SolutionConfigurationPlatforms) = preSolution
		Debug|Any CPU = Debug|Any CPU
		Release|Any CPU = Release|Any CPU
	EndGlobalSection
	GlobalSection(ProjectConfigurationPlatforms) = postSolution
		{3BA2CAFC-D27C-4716-8A5A-820C988F4DA6}.Debug|Any CPU.ActiveCfg = Debug|Any CPU
		{3BA2CAFC-D27C-4716-8A5A-820C988F4DA6}.Debug|Any CPU.Build.0 = Debug|Any CPU
		{3BA2CAFC-D27C-4716-8A5A-820C988F4DA6}.Release|Any CPU.ActiveCfg = Release|Any CPU
		{3BA2CAFC-D27C-4716-8A5A-820C988F4DA6}.Release|Any CPU.Build.0 = Release|Any CPU
		{EE64BDFC-82E9-454B-9D25-B87C358934E4}.Debug|Any CPU.ActiveCfg = Debug|Any CPU
		{EE64BDFC-82E9-454B-9D25-B87C358934E4}.Debug|Any CPU.Build.0 = Debug|Any CPU
		{EE64BDFC-82E9-454B-9D25-B87C358934E4}.Release|Any CPU.ActiveCfg = Release|Any CPU
		{EE64BDFC-82E9-454B-9D25-B87C358934E4}.Release|Any CPU.Build.0 = Release|Any CPU
	EndGlobalSection
	GlobalSection(SolutionProperties) = preSolution
		HideSolutionNode = FALSE
	EndGlobalSection
	GlobalSection(ExtensibilityGlobals) = postSolution
		SolutionGuid = {D6A68E08-E1E9-434D-A820-55A23F8E6868}
	EndGlobalSection
EndGlobal
